// !$*UTF8*$!
{
	archiveVersion = 1;
	classes = {
	};
	objectVersion = 55;
	objects = {

/* Begin PBXBuildFile section */
		018D6E93CB6EEB5A5860CB5F /* Pods_SimFocus.framework in Frameworks */ = {isa = PBXBuildFile; fileRef = 13C8041B8D9E889453847AD7 /* Pods_SimFocus.framework */; };
		A85E755027F81619006296D9 /* AppDelegate.swift in Sources */ = {isa = PBXBuildFile; fileRef = A85E754F27F81619006296D9 /* AppDelegate.swift */; };
		A85E755227F81619006296D9 /* SceneDelegate.swift in Sources */ = {isa = PBXBuildFile; fileRef = A85E755127F81619006296D9 /* SceneDelegate.swift */; };
		A85E755427F81619006296D9 /* MainScreen.swift in Sources */ = {isa = PBXBuildFile; fileRef = A85E755327F81619006296D9 /* MainScreen.swift */; };
		A85E755727F81619006296D9 /* Main.storyboard in Resources */ = {isa = PBXBuildFile; fileRef = A85E755527F81619006296D9 /* Main.storyboard */; };
		A85E755927F8161A006296D9 /* Assets.xcassets in Resources */ = {isa = PBXBuildFile; fileRef = A85E755827F8161A006296D9 /* Assets.xcassets */; };
		A85E755C27F8161A006296D9 /* LaunchScreen.storyboard in Resources */ = {isa = PBXBuildFile; fileRef = A85E755A27F8161A006296D9 /* LaunchScreen.storyboard */; };
		A85E756727F8161A006296D9 /* SimFocusTests.swift in Sources */ = {isa = PBXBuildFile; fileRef = A85E756627F8161A006296D9 /* SimFocusTests.swift */; };
		A85E757127F8161A006296D9 /* SimFocusUITests.swift in Sources */ = {isa = PBXBuildFile; fileRef = A85E757027F8161A006296D9 /* SimFocusUITests.swift */; };
		A85E757327F8161A006296D9 /* SimFocusUITestsLaunchTests.swift in Sources */ = {isa = PBXBuildFile; fileRef = A85E757227F8161A006296D9 /* SimFocusUITestsLaunchTests.swift */; };
		A85E758227F81C9C006296D9 /* AppCoordinator.swift in Sources */ = {isa = PBXBuildFile; fileRef = A85E758127F81C9C006296D9 /* AppCoordinator.swift */; };
		A85E758427F81D03006296D9 /* MainScreenCoordinator.swift in Sources */ = {isa = PBXBuildFile; fileRef = A85E758327F81D03006296D9 /* MainScreenCoordinator.swift */; };
		A85E758627F81EBB006296D9 /* Storyboared.swift in Sources */ = {isa = PBXBuildFile; fileRef = A85E758527F81EBB006296D9 /* Storyboared.swift */; };
		A85E758A27F820AF006296D9 /* Dashboard.storyboard in Resources */ = {isa = PBXBuildFile; fileRef = A85E758927F820AF006296D9 /* Dashboard.storyboard */; };
		A85E758C27F8217A006296D9 /* Dashboard.swift in Sources */ = {isa = PBXBuildFile; fileRef = A85E758B27F8217A006296D9 /* Dashboard.swift */; };
		ABE88C472766415BD4E808DE /* Pods_SimFocusTests.framework in Frameworks */ = {isa = PBXBuildFile; fileRef = 6D849A9FD2640825048180C9 /* Pods_SimFocusTests.framework */; };
		E57DB30A0AB7C7D2640CC99E /* Pods_SimFocus_SimFocusUITests.framework in Frameworks */ = {isa = PBXBuildFile; fileRef = F63BB2ED52F06E2F44F29429 /* Pods_SimFocus_SimFocusUITests.framework */; };
/* End PBXBuildFile section */

/* Begin PBXContainerItemProxy section */
		A85E756327F8161A006296D9 /* PBXContainerItemProxy */ = {
			isa = PBXContainerItemProxy;
			containerPortal = A85E754427F81619006296D9 /* Project object */;
			proxyType = 1;
			remoteGlobalIDString = A85E754B27F81619006296D9;
			remoteInfo = SimFocus;
		};
		A85E756D27F8161A006296D9 /* PBXContainerItemProxy */ = {
			isa = PBXContainerItemProxy;
			containerPortal = A85E754427F81619006296D9 /* Project object */;
			proxyType = 1;
			remoteGlobalIDString = A85E754B27F81619006296D9;
			remoteInfo = SimFocus;
		};
/* End PBXContainerItemProxy section */

/* Begin PBXFileReference section */
		13C8041B8D9E889453847AD7 /* Pods_SimFocus.framework */ = {isa = PBXFileReference; explicitFileType = wrapper.framework; includeInIndex = 0; path = Pods_SimFocus.framework; sourceTree = BUILT_PRODUCTS_DIR; };
		2E0815253CD1582C1C82C6BE /* Pods-SimFocus-SimFocusUITests.debug.xcconfig */ = {isa = PBXFileReference; includeInIndex = 1; lastKnownFileType = text.xcconfig; name = "Pods-SimFocus-SimFocusUITests.debug.xcconfig"; path = "Target Support Files/Pods-SimFocus-SimFocusUITests/Pods-SimFocus-SimFocusUITests.debug.xcconfig"; sourceTree = "<group>"; };
		51A982B7627617009FA0B284 /* Pods-SimFocus.debug.xcconfig */ = {isa = PBXFileReference; includeInIndex = 1; lastKnownFileType = text.xcconfig; name = "Pods-SimFocus.debug.xcconfig"; path = "Target Support Files/Pods-SimFocus/Pods-SimFocus.debug.xcconfig"; sourceTree = "<group>"; };
		62EA7918B55E510AA32B1446 /* Pods-SimFocus.release.xcconfig */ = {isa = PBXFileReference; includeInIndex = 1; lastKnownFileType = text.xcconfig; name = "Pods-SimFocus.release.xcconfig"; path = "Target Support Files/Pods-SimFocus/Pods-SimFocus.release.xcconfig"; sourceTree = "<group>"; };
		679B8390F8CD4E098B49C4C6 /* Pods-SimFocusTests.debug.xcconfig */ = {isa = PBXFileReference; includeInIndex = 1; lastKnownFileType = text.xcconfig; name = "Pods-SimFocusTests.debug.xcconfig"; path = "Target Support Files/Pods-SimFocusTests/Pods-SimFocusTests.debug.xcconfig"; sourceTree = "<group>"; };
		6D849A9FD2640825048180C9 /* Pods_SimFocusTests.framework */ = {isa = PBXFileReference; explicitFileType = wrapper.framework; includeInIndex = 0; path = Pods_SimFocusTests.framework; sourceTree = BUILT_PRODUCTS_DIR; };
		A152D78C211EC5C244D8633D /* Pods-SimFocusTests.release.xcconfig */ = {isa = PBXFileReference; includeInIndex = 1; lastKnownFileType = text.xcconfig; name = "Pods-SimFocusTests.release.xcconfig"; path = "Target Support Files/Pods-SimFocusTests/Pods-SimFocusTests.release.xcconfig"; sourceTree = "<group>"; };
		A85E754C27F81619006296D9 /* SimFocus.app */ = {isa = PBXFileReference; explicitFileType = wrapper.application; includeInIndex = 0; path = SimFocus.app; sourceTree = BUILT_PRODUCTS_DIR; };
		A85E754F27F81619006296D9 /* AppDelegate.swift */ = {isa = PBXFileReference; lastKnownFileType = sourcecode.swift; path = AppDelegate.swift; sourceTree = "<group>"; };
		A85E755127F81619006296D9 /* SceneDelegate.swift */ = {isa = PBXFileReference; lastKnownFileType = sourcecode.swift; path = SceneDelegate.swift; sourceTree = "<group>"; };
		A85E755327F81619006296D9 /* MainScreen.swift */ = {isa = PBXFileReference; lastKnownFileType = sourcecode.swift; path = MainScreen.swift; sourceTree = "<group>"; };
		A85E755627F81619006296D9 /* Base */ = {isa = PBXFileReference; lastKnownFileType = file.storyboard; name = Base; path = Base.lproj/Main.storyboard; sourceTree = "<group>"; };
		A85E755827F8161A006296D9 /* Assets.xcassets */ = {isa = PBXFileReference; lastKnownFileType = folder.assetcatalog; path = Assets.xcassets; sourceTree = "<group>"; };
		A85E755B27F8161A006296D9 /* Base */ = {isa = PBXFileReference; lastKnownFileType = file.storyboard; name = Base; path = Base.lproj/LaunchScreen.storyboard; sourceTree = "<group>"; };
		A85E755D27F8161A006296D9 /* Info.plist */ = {isa = PBXFileReference; lastKnownFileType = text.plist.xml; path = Info.plist; sourceTree = "<group>"; };
		A85E756227F8161A006296D9 /* SimFocusTests.xctest */ = {isa = PBXFileReference; explicitFileType = wrapper.cfbundle; includeInIndex = 0; path = SimFocusTests.xctest; sourceTree = BUILT_PRODUCTS_DIR; };
		A85E756627F8161A006296D9 /* SimFocusTests.swift */ = {isa = PBXFileReference; lastKnownFileType = sourcecode.swift; path = SimFocusTests.swift; sourceTree = "<group>"; };
		A85E756C27F8161A006296D9 /* SimFocusUITests.xctest */ = {isa = PBXFileReference; explicitFileType = wrapper.cfbundle; includeInIndex = 0; path = SimFocusUITests.xctest; sourceTree = BUILT_PRODUCTS_DIR; };
		A85E757027F8161A006296D9 /* SimFocusUITests.swift */ = {isa = PBXFileReference; lastKnownFileType = sourcecode.swift; path = SimFocusUITests.swift; sourceTree = "<group>"; };
		A85E757227F8161A006296D9 /* SimFocusUITestsLaunchTests.swift */ = {isa = PBXFileReference; lastKnownFileType = sourcecode.swift; path = SimFocusUITestsLaunchTests.swift; sourceTree = "<group>"; };
		A85E758127F81C9C006296D9 /* AppCoordinator.swift */ = {isa = PBXFileReference; lastKnownFileType = sourcecode.swift; path = AppCoordinator.swift; sourceTree = "<group>"; };
		A85E758327F81D03006296D9 /* MainScreenCoordinator.swift */ = {isa = PBXFileReference; lastKnownFileType = sourcecode.swift; path = MainScreenCoordinator.swift; sourceTree = "<group>"; };
		A85E758527F81EBB006296D9 /* Storyboared.swift */ = {isa = PBXFileReference; lastKnownFileType = sourcecode.swift; path = Storyboared.swift; sourceTree = "<group>"; };
		A85E758927F820AF006296D9 /* Dashboard.storyboard */ = {isa = PBXFileReference; lastKnownFileType = file.storyboard; path = Dashboard.storyboard; sourceTree = "<group>"; };
		A85E758B27F8217A006296D9 /* Dashboard.swift */ = {isa = PBXFileReference; lastKnownFileType = sourcecode.swift; path = Dashboard.swift; sourceTree = "<group>"; };
		EF698CA3D7A09592C70344E6 /* Pods-SimFocus-SimFocusUITests.release.xcconfig */ = {isa = PBXFileReference; includeInIndex = 1; lastKnownFileType = text.xcconfig; name = "Pods-SimFocus-SimFocusUITests.release.xcconfig"; path = "Target Support Files/Pods-SimFocus-SimFocusUITests/Pods-SimFocus-SimFocusUITests.release.xcconfig"; sourceTree = "<group>"; };
		F63BB2ED52F06E2F44F29429 /* Pods_SimFocus_SimFocusUITests.framework */ = {isa = PBXFileReference; explicitFileType = wrapper.framework; includeInIndex = 0; path = Pods_SimFocus_SimFocusUITests.framework; sourceTree = BUILT_PRODUCTS_DIR; };
/* End PBXFileReference section */

/* Begin PBXFrameworksBuildPhase section */
		A85E754927F81619006296D9 /* Frameworks */ = {
			isa = PBXFrameworksBuildPhase;
			buildActionMask = 2147483647;
			files = (
				018D6E93CB6EEB5A5860CB5F /* Pods_SimFocus.framework in Frameworks */,
			);
			runOnlyForDeploymentPostprocessing = 0;
		};
		A85E755F27F8161A006296D9 /* Frameworks */ = {
			isa = PBXFrameworksBuildPhase;
			buildActionMask = 2147483647;
			files = (
				ABE88C472766415BD4E808DE /* Pods_SimFocusTests.framework in Frameworks */,
			);
			runOnlyForDeploymentPostprocessing = 0;
		};
		A85E756927F8161A006296D9 /* Frameworks */ = {
			isa = PBXFrameworksBuildPhase;
			buildActionMask = 2147483647;
			files = (
				E57DB30A0AB7C7D2640CC99E /* Pods_SimFocus_SimFocusUITests.framework in Frameworks */,
			);
			runOnlyForDeploymentPostprocessing = 0;
		};
/* End PBXFrameworksBuildPhase section */

/* Begin PBXGroup section */
		87F8944FA9487898FD567EC8 /* Frameworks */ = {
			isa = PBXGroup;
			children = (
				13C8041B8D9E889453847AD7 /* Pods_SimFocus.framework */,
				F63BB2ED52F06E2F44F29429 /* Pods_SimFocus_SimFocusUITests.framework */,
				6D849A9FD2640825048180C9 /* Pods_SimFocusTests.framework */,
			);
			name = Frameworks;
			sourceTree = "<group>";
		};
		A85E754327F81619006296D9 = {
			isa = PBXGroup;
			children = (
				A85E754E27F81619006296D9 /* SimFocus */,
				A85E756527F8161A006296D9 /* SimFocusTests */,
				A85E756F27F8161A006296D9 /* SimFocusUITests */,
				A85E754D27F81619006296D9 /* Products */,
				B23E38ED562C22DAAD8A1E06 /* Pods */,
				87F8944FA9487898FD567EC8 /* Frameworks */,
			);
			sourceTree = "<group>";
		};
		A85E754D27F81619006296D9 /* Products */ = {
			isa = PBXGroup;
			children = (
				A85E754C27F81619006296D9 /* SimFocus.app */,
				A85E756227F8161A006296D9 /* SimFocusTests.xctest */,
				A85E756C27F8161A006296D9 /* SimFocusUITests.xctest */,
			);
			name = Products;
			sourceTree = "<group>";
		};
		A85E754E27F81619006296D9 /* SimFocus */ = {
			isa = PBXGroup;
			children = (
				A85E758827F82097006296D9 /* Dashboard */,
				A85E758727F8202D006296D9 /* AppFiles */,
				A85E758027F81C7A006296D9 /* CoordinatorFiles */,
			);
			path = SimFocus;
			sourceTree = "<group>";
		};
		A85E756527F8161A006296D9 /* SimFocusTests */ = {
			isa = PBXGroup;
			children = (
				A85E756627F8161A006296D9 /* SimFocusTests.swift */,
			);
			path = SimFocusTests;
			sourceTree = "<group>";
		};
		A85E756F27F8161A006296D9 /* SimFocusUITests */ = {
			isa = PBXGroup;
			children = (
				A85E757027F8161A006296D9 /* SimFocusUITests.swift */,
				A85E757227F8161A006296D9 /* SimFocusUITestsLaunchTests.swift */,
			);
			path = SimFocusUITests;
			sourceTree = "<group>";
		};
		A85E758027F81C7A006296D9 /* CoordinatorFiles */ = {
			isa = PBXGroup;
			children = (
				A85E758127F81C9C006296D9 /* AppCoordinator.swift */,
				A85E758327F81D03006296D9 /* MainScreenCoordinator.swift */,
				A85E758527F81EBB006296D9 /* Storyboared.swift */,
			);
			path = CoordinatorFiles;
			sourceTree = "<group>";
		};
		A85E758727F8202D006296D9 /* AppFiles */ = {
			isa = PBXGroup;
			children = (
				A85E755D27F8161A006296D9 /* Info.plist */,
				A85E754F27F81619006296D9 /* AppDelegate.swift */,
				A85E755127F81619006296D9 /* SceneDelegate.swift */,
				A85E755327F81619006296D9 /* MainScreen.swift */,
				A85E755527F81619006296D9 /* Main.storyboard */,
				A85E755827F8161A006296D9 /* Assets.xcassets */,
				A85E755A27F8161A006296D9 /* LaunchScreen.storyboard */,
			);
			name = AppFiles;
			sourceTree = "<group>";
		};
		A85E758827F82097006296D9 /* Dashboard */ = {
			isa = PBXGroup;
			children = (
				A85E758927F820AF006296D9 /* Dashboard.storyboard */,
				A85E758B27F8217A006296D9 /* Dashboard.swift */,
			);
			name = Dashboard;
			sourceTree = "<group>";
		};
		B23E38ED562C22DAAD8A1E06 /* Pods */ = {
			isa = PBXGroup;
			children = (
				51A982B7627617009FA0B284 /* Pods-SimFocus.debug.xcconfig */,
				62EA7918B55E510AA32B1446 /* Pods-SimFocus.release.xcconfig */,
				2E0815253CD1582C1C82C6BE /* Pods-SimFocus-SimFocusUITests.debug.xcconfig */,
				EF698CA3D7A09592C70344E6 /* Pods-SimFocus-SimFocusUITests.release.xcconfig */,
				679B8390F8CD4E098B49C4C6 /* Pods-SimFocusTests.debug.xcconfig */,
				A152D78C211EC5C244D8633D /* Pods-SimFocusTests.release.xcconfig */,
			);
			name = Pods;
			path = Pods;
			sourceTree = "<group>";
		};
/* End PBXGroup section */

/* Begin PBXNativeTarget section */
		A85E754B27F81619006296D9 /* SimFocus */ = {
			isa = PBXNativeTarget;
			buildConfigurationList = A85E757627F8161A006296D9 /* Build configuration list for PBXNativeTarget "SimFocus" */;
			buildPhases = (
				310A528BBA929216ED3BA58D /* [CP] Check Pods Manifest.lock */,
				A85E754827F81619006296D9 /* Sources */,
				A85E754927F81619006296D9 /* Frameworks */,
				A85E754A27F81619006296D9 /* Resources */,
				8A39833C71A4789519E1E6EB /* [CP] Embed Pods Frameworks */,
			);
			buildRules = (
			);
			dependencies = (
			);
			name = SimFocus;
			productName = SimFocus;
			productReference = A85E754C27F81619006296D9 /* SimFocus.app */;
			productType = "com.apple.product-type.application";
		};
		A85E756127F8161A006296D9 /* SimFocusTests */ = {
			isa = PBXNativeTarget;
			buildConfigurationList = A85E757927F8161A006296D9 /* Build configuration list for PBXNativeTarget "SimFocusTests" */;
			buildPhases = (
				AC4D389F09ED7AFDD16F9435 /* [CP] Check Pods Manifest.lock */,
				A85E755E27F8161A006296D9 /* Sources */,
				A85E755F27F8161A006296D9 /* Frameworks */,
				A85E756027F8161A006296D9 /* Resources */,
			);
			buildRules = (
			);
			dependencies = (
				A85E756427F8161A006296D9 /* PBXTargetDependency */,
			);
			name = SimFocusTests;
			productName = SimFocusTests;
			productReference = A85E756227F8161A006296D9 /* SimFocusTests.xctest */;
			productType = "com.apple.product-type.bundle.unit-test";
		};
		A85E756B27F8161A006296D9 /* SimFocusUITests */ = {
			isa = PBXNativeTarget;
			buildConfigurationList = A85E757C27F8161A006296D9 /* Build configuration list for PBXNativeTarget "SimFocusUITests" */;
			buildPhases = (
				084DB3E22F005E7FB364F7D6 /* [CP] Check Pods Manifest.lock */,
				A85E756827F8161A006296D9 /* Sources */,
				A85E756927F8161A006296D9 /* Frameworks */,
				A85E756A27F8161A006296D9 /* Resources */,
				983A26EE0F1F001AFD90BB59 /* [CP] Embed Pods Frameworks */,
			);
			buildRules = (
			);
			dependencies = (
				A85E756E27F8161A006296D9 /* PBXTargetDependency */,
			);
			name = SimFocusUITests;
			productName = SimFocusUITests;
			productReference = A85E756C27F8161A006296D9 /* SimFocusUITests.xctest */;
			productType = "com.apple.product-type.bundle.ui-testing";
		};
/* End PBXNativeTarget section */

/* Begin PBXProject section */
		A85E754427F81619006296D9 /* Project object */ = {
			isa = PBXProject;
			attributes = {
				BuildIndependentTargetsInParallel = 1;
				LastSwiftUpdateCheck = 1310;
				LastUpgradeCheck = 1310;
				TargetAttributes = {
					A85E754B27F81619006296D9 = {
						CreatedOnToolsVersion = 13.1;
					};
					A85E756127F8161A006296D9 = {
						CreatedOnToolsVersion = 13.1;
						TestTargetID = A85E754B27F81619006296D9;
					};
					A85E756B27F8161A006296D9 = {
						CreatedOnToolsVersion = 13.1;
						TestTargetID = A85E754B27F81619006296D9;
					};
				};
			};
			buildConfigurationList = A85E754727F81619006296D9 /* Build configuration list for PBXProject "SimFocus" */;
			compatibilityVersion = "Xcode 13.0";
			developmentRegion = en;
			hasScannedForEncodings = 0;
			knownRegions = (
				en,
				Base,
			);
			mainGroup = A85E754327F81619006296D9;
			productRefGroup = A85E754D27F81619006296D9 /* Products */;
			projectDirPath = "";
			projectRoot = "";
			targets = (
				A85E754B27F81619006296D9 /* SimFocus */,
				A85E756127F8161A006296D9 /* SimFocusTests */,
				A85E756B27F8161A006296D9 /* SimFocusUITests */,
			);
		};
/* End PBXProject section */

/* Begin PBXResourcesBuildPhase section */
		A85E754A27F81619006296D9 /* Resources */ = {
			isa = PBXResourcesBuildPhase;
			buildActionMask = 2147483647;
			files = (
				A85E755C27F8161A006296D9 /* LaunchScreen.storyboard in Resources */,
				A85E755927F8161A006296D9 /* Assets.xcassets in Resources */,
				A85E755727F81619006296D9 /* Main.storyboard in Resources */,
				A85E758A27F820AF006296D9 /* Dashboard.storyboard in Resources */,
			);
			runOnlyForDeploymentPostprocessing = 0;
		};
		A85E756027F8161A006296D9 /* Resources */ = {
			isa = PBXResourcesBuildPhase;
			buildActionMask = 2147483647;
			files = (
			);
			runOnlyForDeploymentPostprocessing = 0;
		};
		A85E756A27F8161A006296D9 /* Resources */ = {
			isa = PBXResourcesBuildPhase;
			buildActionMask = 2147483647;
			files = (
			);
			runOnlyForDeploymentPostprocessing = 0;
		};
/* End PBXResourcesBuildPhase section */

/* Begin PBXShellScriptBuildPhase section */
		084DB3E22F005E7FB364F7D6 /* [CP] Check Pods Manifest.lock */ = {
			isa = PBXShellScriptBuildPhase;
			buildActionMask = 2147483647;
			files = (
			);
			inputFileListPaths = (
			);
			inputPaths = (
				"${PODS_PODFILE_DIR_PATH}/Podfile.lock",
				"${PODS_ROOT}/Manifest.lock",
			);
			name = "[CP] Check Pods Manifest.lock";
			outputFileListPaths = (
			);
			outputPaths = (
				"$(DERIVED_FILE_DIR)/Pods-SimFocus-SimFocusUITests-checkManifestLockResult.txt",
			);
			runOnlyForDeploymentPostprocessing = 0;
			shellPath = /bin/sh;
			shellScript = "diff \"${PODS_PODFILE_DIR_PATH}/Podfile.lock\" \"${PODS_ROOT}/Manifest.lock\" > /dev/null\nif [ $? != 0 ] ; then\n    # print error to STDERR\n    echo \"error: The sandbox is not in sync with the Podfile.lock. Run 'pod install' or update your CocoaPods installation.\" >&2\n    exit 1\nfi\n# This output is used by Xcode 'outputs' to avoid re-running this script phase.\necho \"SUCCESS\" > \"${SCRIPT_OUTPUT_FILE_0}\"\n";
			showEnvVarsInLog = 0;
		};
		310A528BBA929216ED3BA58D /* [CP] Check Pods Manifest.lock */ = {
			isa = PBXShellScriptBuildPhase;
			buildActionMask = 2147483647;
			files = (
			);
			inputFileListPaths = (
			);
			inputPaths = (
				"${PODS_PODFILE_DIR_PATH}/Podfile.lock",
				"${PODS_ROOT}/Manifest.lock",
			);
			name = "[CP] Check Pods Manifest.lock";
			outputFileListPaths = (
			);
			outputPaths = (
				"$(DERIVED_FILE_DIR)/Pods-SimFocus-checkManifestLockResult.txt",
			);
			runOnlyForDeploymentPostprocessing = 0;
			shellPath = /bin/sh;
			shellScript = "diff \"${PODS_PODFILE_DIR_PATH}/Podfile.lock\" \"${PODS_ROOT}/Manifest.lock\" > /dev/null\nif [ $? != 0 ] ; then\n    # print error to STDERR\n    echo \"error: The sandbox is not in sync with the Podfile.lock. Run 'pod install' or update your CocoaPods installation.\" >&2\n    exit 1\nfi\n# This output is used by Xcode 'outputs' to avoid re-running this script phase.\necho \"SUCCESS\" > \"${SCRIPT_OUTPUT_FILE_0}\"\n";
			showEnvVarsInLog = 0;
		};
		8A39833C71A4789519E1E6EB /* [CP] Embed Pods Frameworks */ = {
			isa = PBXShellScriptBuildPhase;
			buildActionMask = 2147483647;
			files = (
			);
			inputFileListPaths = (
				"${PODS_ROOT}/Target Support Files/Pods-SimFocus/Pods-SimFocus-frameworks-${CONFIGURATION}-input-files.xcfilelist",
			);
			name = "[CP] Embed Pods Frameworks";
			outputFileListPaths = (
				"${PODS_ROOT}/Target Support Files/Pods-SimFocus/Pods-SimFocus-frameworks-${CONFIGURATION}-output-files.xcfilelist",
			);
			runOnlyForDeploymentPostprocessing = 0;
			shellPath = /bin/sh;
			shellScript = "\"${PODS_ROOT}/Target Support Files/Pods-SimFocus/Pods-SimFocus-frameworks.sh\"\n";
			showEnvVarsInLog = 0;
		};
		983A26EE0F1F001AFD90BB59 /* [CP] Embed Pods Frameworks */ = {
			isa = PBXShellScriptBuildPhase;
			buildActionMask = 2147483647;
			files = (
			);
			inputFileListPaths = (
				"${PODS_ROOT}/Target Support Files/Pods-SimFocus-SimFocusUITests/Pods-SimFocus-SimFocusUITests-frameworks-${CONFIGURATION}-input-files.xcfilelist",
			);
			name = "[CP] Embed Pods Frameworks";
			outputFileListPaths = (
				"${PODS_ROOT}/Target Support Files/Pods-SimFocus-SimFocusUITests/Pods-SimFocus-SimFocusUITests-frameworks-${CONFIGURATION}-output-files.xcfilelist",
			);
			runOnlyForDeploymentPostprocessing = 0;
			shellPath = /bin/sh;
			shellScript = "\"${PODS_ROOT}/Target Support Files/Pods-SimFocus-SimFocusUITests/Pods-SimFocus-SimFocusUITests-frameworks.sh\"\n";
			showEnvVarsInLog = 0;
		};
		AC4D389F09ED7AFDD16F9435 /* [CP] Check Pods Manifest.lock */ = {
			isa = PBXShellScriptBuildPhase;
			buildActionMask = 2147483647;
			files = (
			);
			inputFileListPaths = (
			);
			inputPaths = (
				"${PODS_PODFILE_DIR_PATH}/Podfile.lock",
				"${PODS_ROOT}/Manifest.lock",
			);
			name = "[CP] Check Pods Manifest.lock";
			outputFileListPaths = (
			);
			outputPaths = (
				"$(DERIVED_FILE_DIR)/Pods-SimFocusTests-checkManifestLockResult.txt",
			);
			runOnlyForDeploymentPostprocessing = 0;
			shellPath = /bin/sh;
			shellScript = "diff \"${PODS_PODFILE_DIR_PATH}/Podfile.lock\" \"${PODS_ROOT}/Manifest.lock\" > /dev/null\nif [ $? != 0 ] ; then\n    # print error to STDERR\n    echo \"error: The sandbox is not in sync with the Podfile.lock. Run 'pod install' or update your CocoaPods installation.\" >&2\n    exit 1\nfi\n# This output is used by Xcode 'outputs' to avoid re-running this script phase.\necho \"SUCCESS\" > \"${SCRIPT_OUTPUT_FILE_0}\"\n";
			showEnvVarsInLog = 0;
		};
/* End PBXShellScriptBuildPhase section */

/* Begin PBXSourcesBuildPhase section */
		A85E754827F81619006296D9 /* Sources */ = {
			isa = PBXSourcesBuildPhase;
			buildActionMask = 2147483647;
			files = (
				A85E758227F81C9C006296D9 /* AppCoordinator.swift in Sources */,
				A85E758427F81D03006296D9 /* MainScreenCoordinator.swift in Sources */,
				A85E755427F81619006296D9 /* MainScreen.swift in Sources */,
				A85E755027F81619006296D9 /* AppDelegate.swift in Sources */,
				A85E758627F81EBB006296D9 /* Storyboared.swift in Sources */,
				A85E758C27F8217A006296D9 /* Dashboard.swift in Sources */,
				A85E755227F81619006296D9 /* SceneDelegate.swift in Sources */,
			);
			runOnlyForDeploymentPostprocessing = 0;
		};
		A85E755E27F8161A006296D9 /* Sources */ = {
			isa = PBXSourcesBuildPhase;
			buildActionMask = 2147483647;
			files = (
				A85E756727F8161A006296D9 /* SimFocusTests.swift in Sources */,
			);
			runOnlyForDeploymentPostprocessing = 0;
		};
		A85E756827F8161A006296D9 /* Sources */ = {
			isa = PBXSourcesBuildPhase;
			buildActionMask = 2147483647;
			files = (
				A85E757327F8161A006296D9 /* SimFocusUITestsLaunchTests.swift in Sources */,
				A85E757127F8161A006296D9 /* SimFocusUITests.swift in Sources */,
			);
			runOnlyForDeploymentPostprocessing = 0;
		};
/* End PBXSourcesBuildPhase section */

/* Begin PBXTargetDependency section */
		A85E756427F8161A006296D9 /* PBXTargetDependency */ = {
			isa = PBXTargetDependency;
			target = A85E754B27F81619006296D9 /* SimFocus */;
			targetProxy = A85E756327F8161A006296D9 /* PBXContainerItemProxy */;
		};
		A85E756E27F8161A006296D9 /* PBXTargetDependency */ = {
			isa = PBXTargetDependency;
			target = A85E754B27F81619006296D9 /* SimFocus */;
			targetProxy = A85E756D27F8161A006296D9 /* PBXContainerItemProxy */;
		};
/* End PBXTargetDependency section */

/* Begin PBXVariantGroup section */
		A85E755527F81619006296D9 /* Main.storyboard */ = {
			isa = PBXVariantGroup;
			children = (
				A85E755627F81619006296D9 /* Base */,
			);
			name = Main.storyboard;
			sourceTree = "<group>";
		};
		A85E755A27F8161A006296D9 /* LaunchScreen.storyboard */ = {
			isa = PBXVariantGroup;
			children = (
				A85E755B27F8161A006296D9 /* Base */,
			);
			name = LaunchScreen.storyboard;
			sourceTree = "<group>";
		};
/* End PBXVariantGroup section */

/* Begin XCBuildConfiguration section */
		A85E757427F8161A006296D9 /* Debug */ = {
			isa = XCBuildConfiguration;
			buildSettings = {
				ALWAYS_SEARCH_USER_PATHS = NO;
				CLANG_ANALYZER_NONNULL = YES;
				CLANG_ANALYZER_NUMBER_OBJECT_CONVERSION = YES_AGGRESSIVE;
				CLANG_CXX_LANGUAGE_STANDARD = "gnu++17";
				CLANG_CXX_LIBRARY = "libc++";
				CLANG_ENABLE_MODULES = YES;
				CLANG_ENABLE_OBJC_ARC = YES;
				CLANG_ENABLE_OBJC_WEAK = YES;
				CLANG_WARN_BLOCK_CAPTURE_AUTORELEASING = YES;
				CLANG_WARN_BOOL_CONVERSION = YES;
				CLANG_WARN_COMMA = YES;
				CLANG_WARN_CONSTANT_CONVERSION = YES;
				CLANG_WARN_DEPRECATED_OBJC_IMPLEMENTATIONS = YES;
				CLANG_WARN_DIRECT_OBJC_ISA_USAGE = YES_ERROR;
				CLANG_WARN_DOCUMENTATION_COMMENTS = YES;
				CLANG_WARN_EMPTY_BODY = YES;
				CLANG_WARN_ENUM_CONVERSION = YES;
				CLANG_WARN_INFINITE_RECURSION = YES;
				CLANG_WARN_INT_CONVERSION = YES;
				CLANG_WARN_NON_LITERAL_NULL_CONVERSION = YES;
				CLANG_WARN_OBJC_IMPLICIT_RETAIN_SELF = YES;
				CLANG_WARN_OBJC_LITERAL_CONVERSION = YES;
				CLANG_WARN_OBJC_ROOT_CLASS = YES_ERROR;
				CLANG_WARN_QUOTED_INCLUDE_IN_FRAMEWORK_HEADER = YES;
				CLANG_WARN_RANGE_LOOP_ANALYSIS = YES;
				CLANG_WARN_STRICT_PROTOTYPES = YES;
				CLANG_WARN_SUSPICIOUS_MOVE = YES;
				CLANG_WARN_UNGUARDED_AVAILABILITY = YES_AGGRESSIVE;
				CLANG_WARN_UNREACHABLE_CODE = YES;
				CLANG_WARN__DUPLICATE_METHOD_MATCH = YES;
				COPY_PHASE_STRIP = NO;
				DEBUG_INFORMATION_FORMAT = dwarf;
				ENABLE_STRICT_OBJC_MSGSEND = YES;
				ENABLE_TESTABILITY = YES;
				GCC_C_LANGUAGE_STANDARD = gnu11;
				GCC_DYNAMIC_NO_PIC = NO;
				GCC_NO_COMMON_BLOCKS = YES;
				GCC_OPTIMIZATION_LEVEL = 0;
				GCC_PREPROCESSOR_DEFINITIONS = (
					"DEBUG=1",
					"$(inherited)",
				);
				GCC_WARN_64_TO_32_BIT_CONVERSION = YES;
				GCC_WARN_ABOUT_RETURN_TYPE = YES_ERROR;
				GCC_WARN_UNDECLARED_SELECTOR = YES;
				GCC_WARN_UNINITIALIZED_AUTOS = YES_AGGRESSIVE;
				GCC_WARN_UNUSED_FUNCTION = YES;
				GCC_WARN_UNUSED_VARIABLE = YES;
				IPHONEOS_DEPLOYMENT_TARGET = 15.0;
				MTL_ENABLE_DEBUG_INFO = INCLUDE_SOURCE;
				MTL_FAST_MATH = YES;
				ONLY_ACTIVE_ARCH = YES;
				SDKROOT = iphoneos;
				SWIFT_ACTIVE_COMPILATION_CONDITIONS = DEBUG;
				SWIFT_OPTIMIZATION_LEVEL = "-Onone";
			};
			name = Debug;
		};
		A85E757527F8161A006296D9 /* Release */ = {
			isa = XCBuildConfiguration;
			buildSettings = {
				ALWAYS_SEARCH_USER_PATHS = NO;
				CLANG_ANALYZER_NONNULL = YES;
				CLANG_ANALYZER_NUMBER_OBJECT_CONVERSION = YES_AGGRESSIVE;
				CLANG_CXX_LANGUAGE_STANDARD = "gnu++17";
				CLANG_CXX_LIBRARY = "libc++";
				CLANG_ENABLE_MODULES = YES;
				CLANG_ENABLE_OBJC_ARC = YES;
				CLANG_ENABLE_OBJC_WEAK = YES;
				CLANG_WARN_BLOCK_CAPTURE_AUTORELEASING = YES;
				CLANG_WARN_BOOL_CONVERSION = YES;
				CLANG_WARN_COMMA = YES;
				CLANG_WARN_CONSTANT_CONVERSION = YES;
				CLANG_WARN_DEPRECATED_OBJC_IMPLEMENTATIONS = YES;
				CLANG_WARN_DIRECT_OBJC_ISA_USAGE = YES_ERROR;
				CLANG_WARN_DOCUMENTATION_COMMENTS = YES;
				CLANG_WARN_EMPTY_BODY = YES;
				CLANG_WARN_ENUM_CONVERSION = YES;
				CLANG_WARN_INFINITE_RECURSION = YES;
				CLANG_WARN_INT_CONVERSION = YES;
				CLANG_WARN_NON_LITERAL_NULL_CONVERSION = YES;
				CLANG_WARN_OBJC_IMPLICIT_RETAIN_SELF = YES;
				CLANG_WARN_OBJC_LITERAL_CONVERSION = YES;
				CLANG_WARN_OBJC_ROOT_CLASS = YES_ERROR;
				CLANG_WARN_QUOTED_INCLUDE_IN_FRAMEWORK_HEADER = YES;
				CLANG_WARN_RANGE_LOOP_ANALYSIS = YES;
				CLANG_WARN_STRICT_PROTOTYPES = YES;
				CLANG_WARN_SUSPICIOUS_MOVE = YES;
				CLANG_WARN_UNGUARDED_AVAILABILITY = YES_AGGRESSIVE;
				CLANG_WARN_UNREACHABLE_CODE = YES;
				CLANG_WARN__DUPLICATE_METHOD_MATCH = YES;
				COPY_PHASE_STRIP = NO;
				DEBUG_INFORMATION_FORMAT = "dwarf-with-dsym";
				ENABLE_NS_ASSERTIONS = NO;
				ENABLE_STRICT_OBJC_MSGSEND = YES;
				GCC_C_LANGUAGE_STANDARD = gnu11;
				GCC_NO_COMMON_BLOCKS = YES;
				GCC_WARN_64_TO_32_BIT_CONVERSION = YES;
				GCC_WARN_ABOUT_RETURN_TYPE = YES_ERROR;
				GCC_WARN_UNDECLARED_SELECTOR = YES;
				GCC_WARN_UNINITIALIZED_AUTOS = YES_AGGRESSIVE;
				GCC_WARN_UNUSED_FUNCTION = YES;
				GCC_WARN_UNUSED_VARIABLE = YES;
				IPHONEOS_DEPLOYMENT_TARGET = 15.0;
				MTL_ENABLE_DEBUG_INFO = NO;
				MTL_FAST_MATH = YES;
				SDKROOT = iphoneos;
				SWIFT_COMPILATION_MODE = wholemodule;
				SWIFT_OPTIMIZATION_LEVEL = "-O";
				VALIDATE_PRODUCT = YES;
			};
			name = Release;
		};
		A85E757727F8161A006296D9 /* Debug */ = {
			isa = XCBuildConfiguration;
			baseConfigurationReference = 51A982B7627617009FA0B284 /* Pods-SimFocus.debug.xcconfig */;
			buildSettings = {
				ASSETCATALOG_COMPILER_APPICON_NAME = AppIcon;
				ASSETCATALOG_COMPILER_GLOBAL_ACCENT_COLOR_NAME = AccentColor;
				CODE_SIGN_STYLE = Automatic;
				CURRENT_PROJECT_VERSION = 1;
				GENERATE_INFOPLIST_FILE = YES;
				INFOPLIST_FILE = SimFocus/Info.plist;
				INFOPLIST_KEY_UIApplicationSupportsIndirectInputEvents = YES;
				INFOPLIST_KEY_UILaunchStoryboardName = LaunchScreen;
				INFOPLIST_KEY_UIMainStoryboardFile = Main;
				INFOPLIST_KEY_UISupportedInterfaceOrientations_iPad = "UIInterfaceOrientationPortrait UIInterfaceOrientationPortraitUpsideDown UIInterfaceOrientationLandscapeLeft UIInterfaceOrientationLandscapeRight";
				INFOPLIST_KEY_UISupportedInterfaceOrientations_iPhone = "UIInterfaceOrientationPortrait UIInterfaceOrientationLandscapeLeft UIInterfaceOrientationLandscapeRight";
				LD_RUNPATH_SEARCH_PATHS = (
					"$(inherited)",
					"@executable_path/Frameworks",
				);
				MARKETING_VERSION = 1.0;
				PRODUCT_BUNDLE_IDENTIFIER = Simform.SimFocus;
				PRODUCT_NAME = "$(TARGET_NAME)";
				SWIFT_EMIT_LOC_STRINGS = YES;
				SWIFT_VERSION = 5.0;
				TARGETED_DEVICE_FAMILY = "1,2";
			};
			name = Debug;
		};
		A85E757827F8161A006296D9 /* Release */ = {
			isa = XCBuildConfiguration;
			baseConfigurationReference = 62EA7918B55E510AA32B1446 /* Pods-SimFocus.release.xcconfig */;
			buildSettings = {
				ASSETCATALOG_COMPILER_APPICON_NAME = AppIcon;
				ASSETCATALOG_COMPILER_GLOBAL_ACCENT_COLOR_NAME = AccentColor;
				CODE_SIGN_STYLE = Automatic;
				CURRENT_PROJECT_VERSION = 1;
				GENERATE_INFOPLIST_FILE = YES;
				INFOPLIST_FILE = SimFocus/Info.plist;
				INFOPLIST_KEY_UIApplicationSupportsIndirectInputEvents = YES;
				INFOPLIST_KEY_UILaunchStoryboardName = LaunchScreen;
				INFOPLIST_KEY_UIMainStoryboardFile = Main;
				INFOPLIST_KEY_UISupportedInterfaceOrientations_iPad = "UIInterfaceOrientationPortrait UIInterfaceOrientationPortraitUpsideDown UIInterfaceOrientationLandscapeLeft UIInterfaceOrientationLandscapeRight";
				INFOPLIST_KEY_UISupportedInterfaceOrientations_iPhone = "UIInterfaceOrientationPortrait UIInterfaceOrientationLandscapeLeft UIInterfaceOrientationLandscapeRight";
				LD_RUNPATH_SEARCH_PATHS = (
					"$(inherited)",
					"@executable_path/Frameworks",
				);
				MARKETING_VERSION = 1.0;
				PRODUCT_BUNDLE_IDENTIFIER = Simform.SimFocus;
				PRODUCT_NAME = "$(TARGET_NAME)";
				SWIFT_EMIT_LOC_STRINGS = YES;
				SWIFT_VERSION = 5.0;
				TARGETED_DEVICE_FAMILY = "1,2";
			};
			name = Release;
		};
		A85E757A27F8161A006296D9 /* Debug */ = {
			isa = XCBuildConfiguration;
			baseConfigurationReference = 679B8390F8CD4E098B49C4C6 /* Pods-SimFocusTests.debug.xcconfig */;
			buildSettings = {
				ALWAYS_EMBED_SWIFT_STANDARD_LIBRARIES = YES;
				BUNDLE_LOADER = "$(TEST_HOST)";
				CODE_SIGN_STYLE = Automatic;
				CURRENT_PROJECT_VERSION = 1;
				GENERATE_INFOPLIST_FILE = YES;
				IPHONEOS_DEPLOYMENT_TARGET = 15.0;
				LD_RUNPATH_SEARCH_PATHS = (
					"$(inherited)",
					"@executable_path/Frameworks",
					"@loader_path/Frameworks",
				);
				MARKETING_VERSION = 1.0;
				PRODUCT_BUNDLE_IDENTIFIER = Simform.SimFocusTests;
				PRODUCT_NAME = "$(TARGET_NAME)";
				SWIFT_EMIT_LOC_STRINGS = NO;
				SWIFT_VERSION = 5.0;
				TARGETED_DEVICE_FAMILY = "1,2";
				TEST_HOST = "$(BUILT_PRODUCTS_DIR)/SimFocus.app/SimFocus";
			};
			name = Debug;
		};
		A85E757B27F8161A006296D9 /* Release */ = {
			isa = XCBuildConfiguration;
			baseConfigurationReference = A152D78C211EC5C244D8633D /* Pods-SimFocusTests.release.xcconfig */;
			buildSettings = {
				ALWAYS_EMBED_SWIFT_STANDARD_LIBRARIES = YES;
				BUNDLE_LOADER = "$(TEST_HOST)";
				CODE_SIGN_STYLE = Automatic;
				CURRENT_PROJECT_VERSION = 1;
				GENERATE_INFOPLIST_FILE = YES;
				IPHONEOS_DEPLOYMENT_TARGET = 15.0;
				LD_RUNPATH_SEARCH_PATHS = (
					"$(inherited)",
					"@executable_path/Frameworks",
					"@loader_path/Frameworks",
				);
				MARKETING_VERSION = 1.0;
				PRODUCT_BUNDLE_IDENTIFIER = Simform.SimFocusTests;
				PRODUCT_NAME = "$(TARGET_NAME)";
				SWIFT_EMIT_LOC_STRINGS = NO;
				SWIFT_VERSION = 5.0;
				TARGETED_DEVICE_FAMILY = "1,2";
				TEST_HOST = "$(BUILT_PRODUCTS_DIR)/SimFocus.app/SimFocus";
			};
			name = Release;
		};
		A85E757D27F8161A006296D9 /* Debug */ = {
			isa = XCBuildConfiguration;
			baseConfigurationReference = 2E0815253CD1582C1C82C6BE /* Pods-SimFocus-SimFocusUITests.debug.xcconfig */;
			buildSettings = {
				ALWAYS_EMBED_SWIFT_STANDARD_LIBRARIES = YES;
				CODE_SIGN_STYLE = Automatic;
				CURRENT_PROJECT_VERSION = 1;
				GENERATE_INFOPLIST_FILE = YES;
				LD_RUNPATH_SEARCH_PATHS = (
					"$(inherited)",
					"@executable_path/Frameworks",
					"@loader_path/Frameworks",
				);
				MARKETING_VERSION = 1.0;
				PRODUCT_BUNDLE_IDENTIFIER = Simform.SimFocusUITests;
				PRODUCT_NAME = "$(TARGET_NAME)";
				SWIFT_EMIT_LOC_STRINGS = NO;
				SWIFT_VERSION = 5.0;
				TARGETED_DEVICE_FAMILY = "1,2";
				TEST_TARGET_NAME = SimFocus;
			};
			name = Debug;
		};
		A85E757E27F8161A006296D9 /* Release */ = {
			isa = XCBuildConfiguration;
			baseConfigurationReference = EF698CA3D7A09592C70344E6 /* Pods-SimFocus-SimFocusUITests.release.xcconfig */;
			buildSettings = {
				ALWAYS_EMBED_SWIFT_STANDARD_LIBRARIES = YES;
				CODE_SIGN_STYLE = Automatic;
				CURRENT_PROJECT_VERSION = 1;
				GENERATE_INFOPLIST_FILE = YES;
				LD_RUNPATH_SEARCH_PATHS = (
					"$(inherited)",
					"@executable_path/Frameworks",
					"@loader_path/Frameworks",
				);
				MARKETING_VERSION = 1.0;
				PRODUCT_BUNDLE_IDENTIFIER = Simform.SimFocusUITests;
				PRODUCT_NAME = "$(TARGET_NAME)";
				SWIFT_EMIT_LOC_STRINGS = NO;
				SWIFT_VERSION = 5.0;
				TARGETED_DEVICE_FAMILY = "1,2";
				TEST_TARGET_NAME = SimFocus;
			};
			name = Release;
		};
/* End XCBuildConfiguration section */

/* Begin XCConfigurationList section */
		A85E754727F81619006296D9 /* Build configuration list for PBXProject "SimFocus" */ = {
			isa = XCConfigurationList;
			buildConfigurations = (
				A85E757427F8161A006296D9 /* Debug */,
				A85E757527F8161A006296D9 /* Release */,
			);
			defaultConfigurationIsVisible = 0;
			defaultConfigurationName = Release;
		};
		A85E757627F8161A006296D9 /* Build configuration list for PBXNativeTarget "SimFocus" */ = {
			isa = XCConfigurationList;
			buildConfigurations = (
				A85E757727F8161A006296D9 /* Debug */,
				A85E757827F8161A006296D9 /* Release */,
			);
			defaultConfigurationIsVisible = 0;
			defaultConfigurationName = Release;
		};
		A85E757927F8161A006296D9 /* Build configuration list for PBXNativeTarget "SimFocusTests" */ = {
			isa = XCConfigurationList;
			buildConfigurations = (
				A85E757A27F8161A006296D9 /* Debug */,
				A85E757B27F8161A006296D9 /* Release */,
			);
			defaultConfigurationIsVisible = 0;
			defaultConfigurationName = Release;
		};
		A85E757C27F8161A006296D9 /* Build configuration list for PBXNativeTarget "SimFocusUITests" */ = {
			isa = XCConfigurationList;
			buildConfigurations = (
				A85E757D27F8161A006296D9 /* Debug */,
				A85E757E27F8161A006296D9 /* Release */,
			);
			defaultConfigurationIsVisible = 0;
			defaultConfigurationName = Release;
		};
/* End XCConfigurationList section */
	};
	rootObject = A85E754427F81619006296D9 /* Project object */;
}
